
Microsoft Visual Studio Solution File, Format Version 12.00
# Visual Studio Version 16
VisualStudioVersion = 16.0.31005.135
MinimumVisualStudioVersion = 10.0.40219.1
Project("{FAE04EC0-301F-11D3-BF4B-00C04F79EFBC}") = "EF6MySQLDemo", "EF6MySQLDemo.csproj", "{2A8DE18D-593F-43E2-91F2-D35ADE3089DC}"
EndProject
Global
	GlobalSection(SolutionConfigurationPlatforms) = preSolution
		Debug|Any CPU = Debug|Any CPU
		Release|Any CPU = Release|Any CPU
	EndGlobalSection
	GlobalSection(ProjectConfigurationPlatforms) = postSolution
		{2A8DE18D-593F-43E2-91F2-D35ADE3089DC}.Debug|Any CPU.ActiveCfg = Debug|Any CPU
		{2A8DE18D-593F-43E2-91F2-D35ADE3089DC}.Debug|Any CPU.Build.0 = Debug|Any CPU
		{2A8DE18D-593F-43E2-91F2-D35ADE3089DC}.Release|Any CPU.ActiveCfg = Release|Any CPU
		{2A8DE18D-593F-43E2-91F2-D35ADE3089DC}.Release|Any CPU.Build.0 = Release|Any CPU
	EndGlobalSection
	GlobalSection(SolutionProperties) = preSolution
		HideSolutionNode = FALSE
	EndGlobalSection
	GlobalSection(ExtensibilityGlobals) = postSolution
		SolutionGuid = {684BBF99-374D-4280-A937-D67C8286843A}
	EndGlobalSection
EndGlobal
